
Microsoft Visual Studio Solution File, Format Version 12.00
# Visual Studio Version 16
VisualStudioVersion = 16.0.29503.13
MinimumVisualStudioVersion = 10.0.40219.1
Project("{9A19103F-16F7-4668-BE54-9A1E7A4F7556}") = "MyAutofacExtensions", "src\MyAutofacExtensions\MyAutofacExtensions.csproj", "{07ACB6EC-C918-4E8D-93C7-AAAA392ED272}"
EndProject
Project("{2150E333-8FDC-42A3-9474-1A3956D46DE8}") = "Solution Items", "Solution Items", "{131B6BDE-09AE-44CB-9B41-570573CFA0D6}"
	ProjectSection(SolutionItems) = preProject
		.github\workflows\dotnet-core.yml = .github\workflows\dotnet-core.yml
		.github\workflows\release-reader.yml = .github\workflows\release-reader.yml
	EndProjectSection
EndProject
Global
	GlobalSection(SolutionConfigurationPlatforms) = preSolution
		Debug|Any CPU = Debug|Any CPU
		Release|Any CPU = Release|Any CPU
	EndGlobalSection
	GlobalSection(ProjectConfigurationPlatforms) = postSolution
		{07ACB6EC-C918-4E8D-93C7-AAAA392ED272}.Debug|Any CPU.ActiveCfg = Debug|Any CPU
		{07ACB6EC-C918-4E8D-93C7-AAAA392ED272}.Debug|Any CPU.Build.0 = Debug|Any CPU
		{07ACB6EC-C918-4E8D-93C7-AAAA392ED272}.Release|Any CPU.ActiveCfg = Release|Any CPU
		{07ACB6EC-C918-4E8D-93C7-AAAA392ED272}.Release|Any CPU.Build.0 = Release|Any CPU
	EndGlobalSection
	GlobalSection(SolutionProperties) = preSolution
		HideSolutionNode = FALSE
	EndGlobalSection
	GlobalSection(ExtensibilityGlobals) = postSolution
		SolutionGuid = {240C2766-EE1A-4ADC-A717-35946D599F1A}
	EndGlobalSection
EndGlobal
